PODS:
  - Masonry (1.1.0)
  - QDNavigationBar (0.1.0)

DEPENDENCIES:
  - Masonry
  - QDNavigationBar (from `../`)

SPEC REPOS:
  trunk:
    - Masonry

EXTERNAL SOURCES:
  QDNavigationBar:
    :path: "../"

SPEC CHECKSUMS:
  Masonry: 678fab65091a9290e40e2832a55e7ab731aad201
  QDNavigationBar: ae9bafc1ecac14992fc04b0975de074b035cc7e3

PODFILE CHECKSUM: 6d9529959a60951f9c8013af60bc1f755612ac2a

COCOAPODS: 1.9.1
