PODS:
  - QDNavigationBar (0.4.0)
  - SnapKit (5.6.0)

DEPENDENCIES:
  - QDNavigationBar (from `../`)
  - SnapKit

SPEC REPOS:
  trunk:
    - SnapKit

EXTERNAL SOURCES:
  QDNavigationBar:
    :path: "../"

SPEC CHECKSUMS:
  QDNavigationBar: 3f69a2118447402bee8ff42f9bc6e61e243af591
  SnapKit: e01d52ebb8ddbc333eefe2132acf85c8227d9c25

PODFILE CHECKSUM: 636c7784f0cbb04724aa211f1fe89c8583089561

COCOAPODS: 1.15.2
